Microsoft Visual Studio Solution File, Format Version 12.00
# Visual Studio 15
VisualStudioVersion = 15.0.26403.7
MinimumVisualStudioVersion = 10.0.40219.1
Project("{FAE04EC0-301F-11D3-BF4B-00C04F79EFBC}") = "HomeAutomationLibraryCollection", "HomeAutomationLibraryCollection\HomeAutomationLibraryCollection.csproj", "{731AA7EC-EA9D-44EC-B1F7-9016523DBDE7}"
EndProject
Project("{2150E333-8FDC-42A3-9474-1A3956D46DE8}") = "COMPONENTS", "COMPONENTS", "{C3AEE8A0-4FB0-4ABC-B546-33CFF7B9155B}"
EndProject
Project("{FAE04EC0-301F-11D3-BF4B-00C04F79EFBC}") = "LibUdp", "LibUdp\LibUdp.csproj", "{04B6D081-6952-4F0D-8402-DF169E0DFB51}"
EndProject
Project("{FAE04EC0-301F-11D3-BF4B-00C04F79EFBC}") = "Udp_UnitTest", "LibUdp\Udp_UnitTest\Udp_UnitTest.csproj", "{C5FB61C4-D909-409F-8C88-256D6085EDB1}"
EndProject
Project("{2150E333-8FDC-42A3-9474-1A3956D46DE8}") = "BASIC", "BASIC", "{C829C412-EE18-452A-BDF8-5D06C210266E}"
EndProject
Project("{2150E333-8FDC-42A3-9474-1A3956D46DE8}") = "TIMER_MOCKABLE", "TIMER_MOCKABLE", "{DCF35186-69B9-4F65-9428-A915547EDAAA}"
EndProject
Project("{2150E333-8FDC-42A3-9474-1A3956D46DE8}") = "COMMUNICATION", "COMMUNICATION", "{1590295E-2AA4-4066-9D4F-7018A01FFA30}"
EndProject
Project("{FAE04EC0-301F-11D3-BF4B-00C04F79EFBC}") = "TimerMockable", "TimerMockable\TimerMockable.csproj", "{323A5AA7-F7EB-4990-9B0E-540D75837716}"
EndProject
Project("{FAE04EC0-301F-11D3-BF4B-00C04F79EFBC}") = "LibraryTestRunner", "LibraryTestRunner\LibraryTestRunner.csproj", "{AB0386B7-A989-4D8E-997B-ACA7A3C03170}"
EndProject
Global
	GlobalSection(SolutionConfigurationPlatforms) = preSolution
		Debug|Any CPU = Debug|Any CPU
		Release|Any CPU = Release|Any CPU
	EndGlobalSection
	GlobalSection(ProjectConfigurationPlatforms) = postSolution
		{731AA7EC-EA9D-44EC-B1F7-9016523DBDE7}.Debug|Any CPU.ActiveCfg = Debug|Any CPU
		{731AA7EC-EA9D-44EC-B1F7-9016523DBDE7}.Debug|Any CPU.Build.0 = Debug|Any CPU
		{731AA7EC-EA9D-44EC-B1F7-9016523DBDE7}.Release|Any CPU.ActiveCfg = Release|Any CPU
		{731AA7EC-EA9D-44EC-B1F7-9016523DBDE7}.Release|Any CPU.Build.0 = Release|Any CPU
		{04B6D081-6952-4F0D-8402-DF169E0DFB51}.Debug|Any CPU.ActiveCfg = Debug|Any CPU
		{04B6D081-6952-4F0D-8402-DF169E0DFB51}.Debug|Any CPU.Build.0 = Debug|Any CPU
		{04B6D081-6952-4F0D-8402-DF169E0DFB51}.Release|Any CPU.ActiveCfg = Release|Any CPU
		{04B6D081-6952-4F0D-8402-DF169E0DFB51}.Release|Any CPU.Build.0 = Release|Any CPU
		{C5FB61C4-D909-409F-8C88-256D6085EDB1}.Debug|Any CPU.ActiveCfg = Debug|Any CPU
		{C5FB61C4-D909-409F-8C88-256D6085EDB1}.Debug|Any CPU.Build.0 = Debug|Any CPU
		{C5FB61C4-D909-409F-8C88-256D6085EDB1}.Release|Any CPU.ActiveCfg = Release|Any CPU
		{C5FB61C4-D909-409F-8C88-256D6085EDB1}.Release|Any CPU.Build.0 = Release|Any CPU
		{323A5AA7-F7EB-4990-9B0E-540D75837716}.Debug|Any CPU.ActiveCfg = Debug|Any CPU
		{323A5AA7-F7EB-4990-9B0E-540D75837716}.Debug|Any CPU.Build.0 = Debug|Any CPU
		{323A5AA7-F7EB-4990-9B0E-540D75837716}.Release|Any CPU.ActiveCfg = Release|Any CPU
		{323A5AA7-F7EB-4990-9B0E-540D75837716}.Release|Any CPU.Build.0 = Release|Any CPU
		{AB0386B7-A989-4D8E-997B-ACA7A3C03170}.Debug|Any CPU.ActiveCfg = Debug|Any CPU
		{AB0386B7-A989-4D8E-997B-ACA7A3C03170}.Debug|Any CPU.Build.0 = Debug|Any CPU
		{AB0386B7-A989-4D8E-997B-ACA7A3C03170}.Release|Any CPU.ActiveCfg = Release|Any CPU
		{AB0386B7-A989-4D8E-997B-ACA7A3C03170}.Release|Any CPU.Build.0 = Release|Any CPU
	EndGlobalSection
	GlobalSection(SolutionProperties) = preSolution
		HideSolutionNode = FALSE
	EndGlobalSection
	GlobalSection(NestedProjects) = preSolution
		{04B6D081-6952-4F0D-8402-DF169E0DFB51} = {1590295E-2AA4-4066-9D4F-7018A01FFA30}
		{C5FB61C4-D909-409F-8C88-256D6085EDB1} = {1590295E-2AA4-4066-9D4F-7018A01FFA30}
		{C829C412-EE18-452A-BDF8-5D06C210266E} = {C3AEE8A0-4FB0-4ABC-B546-33CFF7B9155B}
		{DCF35186-69B9-4F65-9428-A915547EDAAA} = {C829C412-EE18-452A-BDF8-5D06C210266E}
		{1590295E-2AA4-4066-9D4F-7018A01FFA30} = {C3AEE8A0-4FB0-4ABC-B546-33CFF7B9155B}
		{323A5AA7-F7EB-4990-9B0E-540D75837716} = {DCF35186-69B9-4F65-9428-A915547EDAAA}
	EndGlobalSection
EndGlobal
