Microsoft Visual Studio Solution File, Format Version 12.00
# Visual Studio 15
VisualStudioVersion = 15.0.26430.6
MinimumVisualStudioVersion = 10.0.40219.1
Project("{2150E333-8FDC-42A3-9474-1A3956D46DE8}") = "COMPONENTS", "COMPONENTS", "{C3AEE8A0-4FB0-4ABC-B546-33CFF7B9155B}"
EndProject
Project("{FAE04EC0-301F-11D3-BF4B-00C04F79EFBC}") = "LibUdp", "LibUdp\LibUdp.csproj", "{04B6D081-6952-4F0D-8402-DF169E0DFB51}"
	ProjectSection(ProjectDependencies) = postProject
		{2EEFD039-02A7-4DC4-940E-58B76074EB88} = {2EEFD039-02A7-4DC4-940E-58B76074EB88}
	EndProjectSection
EndProject
Project("{FAE04EC0-301F-11D3-BF4B-00C04F79EFBC}") = "Udp_UnitTest", "LibUdp\Udp_UnitTest\Udp_UnitTest.csproj", "{C5FB61C4-D909-409F-8C88-256D6085EDB1}"
	ProjectSection(ProjectDependencies) = postProject
		{2EEFD039-02A7-4DC4-940E-58B76074EB88} = {2EEFD039-02A7-4DC4-940E-58B76074EB88}
		{04B6D081-6952-4F0D-8402-DF169E0DFB51} = {04B6D081-6952-4F0D-8402-DF169E0DFB51}
		{323A5AA7-F7EB-4990-9B0E-540D75837716} = {323A5AA7-F7EB-4990-9B0E-540D75837716}
	EndProjectSection
EndProject
Project("{2150E333-8FDC-42A3-9474-1A3956D46DE8}") = "BASIC", "BASIC", "{C829C412-EE18-452A-BDF8-5D06C210266E}"
EndProject
Project("{2150E333-8FDC-42A3-9474-1A3956D46DE8}") = "TIMER_MOCKABLE", "TIMER_MOCKABLE", "{DCF35186-69B9-4F65-9428-A915547EDAAA}"
EndProject
Project("{2150E333-8FDC-42A3-9474-1A3956D46DE8}") = "COMMUNICATION", "COMMUNICATION", "{1590295E-2AA4-4066-9D4F-7018A01FFA30}"
EndProject
Project("{FAE04EC0-301F-11D3-BF4B-00C04F79EFBC}") = "TimerMockable", "TimerMockable\TimerMockable.csproj", "{323A5AA7-F7EB-4990-9B0E-540D75837716}"
EndProject
Project("{FAE04EC0-301F-11D3-BF4B-00C04F79EFBC}") = "LibraryTestRunner", "LibraryTestRunner\LibraryTestRunner.csproj", "{AB0386B7-A989-4D8E-997B-ACA7A3C03170}"
	ProjectSection(ProjectDependencies) = postProject
		{2EEFD039-02A7-4DC4-940E-58B76074EB88} = {2EEFD039-02A7-4DC4-940E-58B76074EB88}
	EndProjectSection
EndProject
Project("{FAE04EC0-301F-11D3-BF4B-00C04F79EFBC}") = "TestRunnerUdpSendPeriodicStartStop", "TestRunnerUdpSendPeriodicStartStop\TestRunnerUdpSendPeriodicStartStop.csproj", "{67364CDD-4019-4EA7-8937-195251DB1078}"
	ProjectSection(ProjectDependencies) = postProject
		{2EEFD039-02A7-4DC4-940E-58B76074EB88} = {2EEFD039-02A7-4DC4-940E-58B76074EB88}
	EndProjectSection
EndProject
Project("{FAE04EC0-301F-11D3-BF4B-00C04F79EFBC}") = "TestRunnerUdpReceive", "TestRunnerUdpReceive\TestRunnerUdpReceive.csproj", "{1819DAC5-C6D6-40B2-A5D5-57B6D2B4A71D}"
	ProjectSection(ProjectDependencies) = postProject
		{04B6D081-6952-4F0D-8402-DF169E0DFB51} = {04B6D081-6952-4F0D-8402-DF169E0DFB51}
	EndProjectSection
EndProject
Project("{2150E333-8FDC-42A3-9474-1A3956D46DE8}") = "COLLECTION", "COLLECTION", "{A3B03053-4C2D-4068-BA2D-860E9536740B}"
EndProject
Project("{FAE04EC0-301F-11D3-BF4B-00C04F79EFBC}") = "HomeAutomationLibs", "HomeAutomationLibs\HomeAutomationLibs.csproj", "{1A3D70F4-BE61-4A1F-9B1D-03698C3482CB}"
	ProjectSection(ProjectDependencies) = postProject
		{2EEFD039-02A7-4DC4-940E-58B76074EB88} = {2EEFD039-02A7-4DC4-940E-58B76074EB88}
		{04B6D081-6952-4F0D-8402-DF169E0DFB51} = {04B6D081-6952-4F0D-8402-DF169E0DFB51}
		{323A5AA7-F7EB-4990-9B0E-540D75837716} = {323A5AA7-F7EB-4990-9B0E-540D75837716}
	EndProjectSection
EndProject
Project("{2150E333-8FDC-42A3-9474-1A3956D46DE8}") = "HANDLER", "HANDLER", "{C9528237-14C3-4D79-8397-7D25CDFFE25C}"
EndProject
Project("{2150E333-8FDC-42A3-9474-1A3956D46DE8}") = "TELEGRAMMBUILDER", "TELEGRAMMBUILDER", "{BE9A979B-E198-4E08-AE34-F41FD5256655}"
EndProject
Project("{2150E333-8FDC-42A3-9474-1A3956D46DE8}") = "SYSTEMSERVICES", "SYSTEMSERVICES", "{0111543B-E5DB-441D-BCF5-52E470E587B1}"
EndProject
Project("{FAE04EC0-301F-11D3-BF4B-00C04F79EFBC}") = "SystemServices", "SystemServices\SystemServices.csproj", "{2EEFD039-02A7-4DC4-940E-58B76074EB88}"
EndProject
Project("{2150E333-8FDC-42A3-9474-1A3956D46DE8}") = "UDP", "UDP", "{A8924DB9-BBF0-41E2-859A-550445AF2BF3}"
EndProject
Project("{2150E333-8FDC-42A3-9474-1A3956D46DE8}") = "UNIT_TESTS", "UNIT_TESTS", "{36832E02-F5E9-47A8-B67E-51F0D068E44A}"
EndProject
Project("{2150E333-8FDC-42A3-9474-1A3956D46DE8}") = "TESTRUNNERS", "TESTRUNNERS", "{479D24D1-9321-4886-A3DC-25B697ACF871}"
EndProject
Project("{FAE04EC0-301F-11D3-BF4B-00C04F79EFBC}") = "TelegrammBuilder", "TelegrammBuilder\TelegrammBuilder.csproj", "{921FDDE8-85C6-4AB4-8757-2345FA18AD59}"
	ProjectSection(ProjectDependencies) = postProject
		{5D49F2EA-7A48-4D68-BADC-A40414FF7FD7} = {5D49F2EA-7A48-4D68-BADC-A40414FF7FD7}
	EndProjectSection
EndProject
Project("{2150E333-8FDC-42A3-9474-1A3956D46DE8}") = "HARDCONFIGURATION", "HARDCONFIGURATION", "{2B3A8D65-5461-46D9-B7CC-8E9490DC5CCC}"
EndProject
Project("{FAE04EC0-301F-11D3-BF4B-00C04F79EFBC}") = "HardConfig", "HardConfig\HardConfig.csproj", "{5D49F2EA-7A48-4D68-BADC-A40414FF7FD7}"
	ProjectSection(ProjectDependencies) = postProject
		{2EEFD039-02A7-4DC4-940E-58B76074EB88} = {2EEFD039-02A7-4DC4-940E-58B76074EB88}
	EndProjectSection
EndProject
Project("{2150E333-8FDC-42A3-9474-1A3956D46DE8}") = "UNIT_TEST", "UNIT_TEST", "{6AD6D300-81FB-4671-A14A-222B9E361A81}"
EndProject
Project("{FAE04EC0-301F-11D3-BF4B-00C04F79EFBC}") = "Telegramm_UnitTests", "Telegramm_UnitTests\Telegramm_UnitTests.csproj", "{25AA4403-ED03-4FA5-B70B-1A078E635381}"
	ProjectSection(ProjectDependencies) = postProject
		{2EEFD039-02A7-4DC4-940E-58B76074EB88} = {2EEFD039-02A7-4DC4-940E-58B76074EB88}
		{323A5AA7-F7EB-4990-9B0E-540D75837716} = {323A5AA7-F7EB-4990-9B0E-540D75837716}
		{921FDDE8-85C6-4AB4-8757-2345FA18AD59} = {921FDDE8-85C6-4AB4-8757-2345FA18AD59}
	EndProjectSection
EndProject
Global
	GlobalSection(SolutionConfigurationPlatforms) = preSolution
		Debug|Any CPU = Debug|Any CPU
		Release|Any CPU = Release|Any CPU
	EndGlobalSection
	GlobalSection(ProjectConfigurationPlatforms) = postSolution
		{04B6D081-6952-4F0D-8402-DF169E0DFB51}.Debug|Any CPU.ActiveCfg = Debug|Any CPU
		{04B6D081-6952-4F0D-8402-DF169E0DFB51}.Debug|Any CPU.Build.0 = Debug|Any CPU
		{04B6D081-6952-4F0D-8402-DF169E0DFB51}.Release|Any CPU.ActiveCfg = Release|Any CPU
		{04B6D081-6952-4F0D-8402-DF169E0DFB51}.Release|Any CPU.Build.0 = Release|Any CPU
		{C5FB61C4-D909-409F-8C88-256D6085EDB1}.Debug|Any CPU.ActiveCfg = Debug|Any CPU
		{C5FB61C4-D909-409F-8C88-256D6085EDB1}.Debug|Any CPU.Build.0 = Debug|Any CPU
		{C5FB61C4-D909-409F-8C88-256D6085EDB1}.Release|Any CPU.ActiveCfg = Release|Any CPU
		{C5FB61C4-D909-409F-8C88-256D6085EDB1}.Release|Any CPU.Build.0 = Release|Any CPU
		{323A5AA7-F7EB-4990-9B0E-540D75837716}.Debug|Any CPU.ActiveCfg = Debug|Any CPU
		{323A5AA7-F7EB-4990-9B0E-540D75837716}.Debug|Any CPU.Build.0 = Debug|Any CPU
		{323A5AA7-F7EB-4990-9B0E-540D75837716}.Release|Any CPU.ActiveCfg = Release|Any CPU
		{323A5AA7-F7EB-4990-9B0E-540D75837716}.Release|Any CPU.Build.0 = Release|Any CPU
		{AB0386B7-A989-4D8E-997B-ACA7A3C03170}.Debug|Any CPU.ActiveCfg = Debug|Any CPU
		{AB0386B7-A989-4D8E-997B-ACA7A3C03170}.Debug|Any CPU.Build.0 = Debug|Any CPU
		{AB0386B7-A989-4D8E-997B-ACA7A3C03170}.Release|Any CPU.ActiveCfg = Release|Any CPU
		{AB0386B7-A989-4D8E-997B-ACA7A3C03170}.Release|Any CPU.Build.0 = Release|Any CPU
		{67364CDD-4019-4EA7-8937-195251DB1078}.Debug|Any CPU.ActiveCfg = Debug|Any CPU
		{67364CDD-4019-4EA7-8937-195251DB1078}.Debug|Any CPU.Build.0 = Debug|Any CPU
		{67364CDD-4019-4EA7-8937-195251DB1078}.Release|Any CPU.ActiveCfg = Release|Any CPU
		{67364CDD-4019-4EA7-8937-195251DB1078}.Release|Any CPU.Build.0 = Release|Any CPU
		{1819DAC5-C6D6-40B2-A5D5-57B6D2B4A71D}.Debug|Any CPU.ActiveCfg = Debug|Any CPU
		{1819DAC5-C6D6-40B2-A5D5-57B6D2B4A71D}.Debug|Any CPU.Build.0 = Debug|Any CPU
		{1819DAC5-C6D6-40B2-A5D5-57B6D2B4A71D}.Release|Any CPU.ActiveCfg = Release|Any CPU
		{1819DAC5-C6D6-40B2-A5D5-57B6D2B4A71D}.Release|Any CPU.Build.0 = Release|Any CPU
		{1A3D70F4-BE61-4A1F-9B1D-03698C3482CB}.Debug|Any CPU.ActiveCfg = Debug|Any CPU
		{1A3D70F4-BE61-4A1F-9B1D-03698C3482CB}.Debug|Any CPU.Build.0 = Debug|Any CPU
		{1A3D70F4-BE61-4A1F-9B1D-03698C3482CB}.Release|Any CPU.ActiveCfg = Release|Any CPU
		{1A3D70F4-BE61-4A1F-9B1D-03698C3482CB}.Release|Any CPU.Build.0 = Release|Any CPU
		{2EEFD039-02A7-4DC4-940E-58B76074EB88}.Debug|Any CPU.ActiveCfg = Debug|Any CPU
		{2EEFD039-02A7-4DC4-940E-58B76074EB88}.Debug|Any CPU.Build.0 = Debug|Any CPU
		{2EEFD039-02A7-4DC4-940E-58B76074EB88}.Release|Any CPU.ActiveCfg = Release|Any CPU
		{2EEFD039-02A7-4DC4-940E-58B76074EB88}.Release|Any CPU.Build.0 = Release|Any CPU
		{921FDDE8-85C6-4AB4-8757-2345FA18AD59}.Debug|Any CPU.ActiveCfg = Debug|Any CPU
		{921FDDE8-85C6-4AB4-8757-2345FA18AD59}.Debug|Any CPU.Build.0 = Debug|Any CPU
		{921FDDE8-85C6-4AB4-8757-2345FA18AD59}.Release|Any CPU.ActiveCfg = Release|Any CPU
		{921FDDE8-85C6-4AB4-8757-2345FA18AD59}.Release|Any CPU.Build.0 = Release|Any CPU
		{5D49F2EA-7A48-4D68-BADC-A40414FF7FD7}.Debug|Any CPU.ActiveCfg = Debug|Any CPU
		{5D49F2EA-7A48-4D68-BADC-A40414FF7FD7}.Debug|Any CPU.Build.0 = Debug|Any CPU
		{5D49F2EA-7A48-4D68-BADC-A40414FF7FD7}.Release|Any CPU.ActiveCfg = Release|Any CPU
		{5D49F2EA-7A48-4D68-BADC-A40414FF7FD7}.Release|Any CPU.Build.0 = Release|Any CPU
		{25AA4403-ED03-4FA5-B70B-1A078E635381}.Debug|Any CPU.ActiveCfg = Debug|Any CPU
		{25AA4403-ED03-4FA5-B70B-1A078E635381}.Debug|Any CPU.Build.0 = Debug|Any CPU
		{25AA4403-ED03-4FA5-B70B-1A078E635381}.Release|Any CPU.ActiveCfg = Release|Any CPU
		{25AA4403-ED03-4FA5-B70B-1A078E635381}.Release|Any CPU.Build.0 = Release|Any CPU
	EndGlobalSection
	GlobalSection(SolutionProperties) = preSolution
		HideSolutionNode = FALSE
	EndGlobalSection
	GlobalSection(NestedProjects) = preSolution
		{04B6D081-6952-4F0D-8402-DF169E0DFB51} = {A8924DB9-BBF0-41E2-859A-550445AF2BF3}
		{C5FB61C4-D909-409F-8C88-256D6085EDB1} = {36832E02-F5E9-47A8-B67E-51F0D068E44A}
		{C829C412-EE18-452A-BDF8-5D06C210266E} = {C3AEE8A0-4FB0-4ABC-B546-33CFF7B9155B}
		{DCF35186-69B9-4F65-9428-A915547EDAAA} = {C829C412-EE18-452A-BDF8-5D06C210266E}
		{1590295E-2AA4-4066-9D4F-7018A01FFA30} = {C3AEE8A0-4FB0-4ABC-B546-33CFF7B9155B}
		{323A5AA7-F7EB-4990-9B0E-540D75837716} = {DCF35186-69B9-4F65-9428-A915547EDAAA}
		{AB0386B7-A989-4D8E-997B-ACA7A3C03170} = {479D24D1-9321-4886-A3DC-25B697ACF871}
		{67364CDD-4019-4EA7-8937-195251DB1078} = {479D24D1-9321-4886-A3DC-25B697ACF871}
		{1819DAC5-C6D6-40B2-A5D5-57B6D2B4A71D} = {479D24D1-9321-4886-A3DC-25B697ACF871}
		{1A3D70F4-BE61-4A1F-9B1D-03698C3482CB} = {A3B03053-4C2D-4068-BA2D-860E9536740B}
		{C9528237-14C3-4D79-8397-7D25CDFFE25C} = {C3AEE8A0-4FB0-4ABC-B546-33CFF7B9155B}
		{BE9A979B-E198-4E08-AE34-F41FD5256655} = {C9528237-14C3-4D79-8397-7D25CDFFE25C}
		{0111543B-E5DB-441D-BCF5-52E470E587B1} = {C829C412-EE18-452A-BDF8-5D06C210266E}
		{2EEFD039-02A7-4DC4-940E-58B76074EB88} = {0111543B-E5DB-441D-BCF5-52E470E587B1}
		{A8924DB9-BBF0-41E2-859A-550445AF2BF3} = {1590295E-2AA4-4066-9D4F-7018A01FFA30}
		{36832E02-F5E9-47A8-B67E-51F0D068E44A} = {A8924DB9-BBF0-41E2-859A-550445AF2BF3}
		{921FDDE8-85C6-4AB4-8757-2345FA18AD59} = {BE9A979B-E198-4E08-AE34-F41FD5256655}
		{5D49F2EA-7A48-4D68-BADC-A40414FF7FD7} = {2B3A8D65-5461-46D9-B7CC-8E9490DC5CCC}
		{6AD6D300-81FB-4671-A14A-222B9E361A81} = {BE9A979B-E198-4E08-AE34-F41FD5256655}
		{25AA4403-ED03-4FA5-B70B-1A078E635381} = {6AD6D300-81FB-4671-A14A-222B9E361A81}
	EndGlobalSection
EndGlobal
