Microsoft Visual Studio Solution File, Format Version 12.00
# Visual Studio 15
VisualStudioVersion = 15.0.28307.572
MinimumVisualStudioVersion = 10.0.40219.1
Project("{2150E333-8FDC-42A3-9474-1A3956D46DE8}") = "COMPONENTS", "COMPONENTS", "{C3AEE8A0-4FB0-4ABC-B546-33CFF7B9155B}"
EndProject
Project("{FAE04EC0-301F-11D3-BF4B-00C04F79EFBC}") = "LibUdp", "LibUdp\LibUdp.csproj", "{04B6D081-6952-4F0D-8402-DF169E0DFB51}"
	ProjectSection(ProjectDependencies) = postProject
		{2EEFD039-02A7-4DC4-940E-58B76074EB88} = {2EEFD039-02A7-4DC4-940E-58B76074EB88}
	EndProjectSection
EndProject
Project("{FAE04EC0-301F-11D3-BF4B-00C04F79EFBC}") = "Udp_UnitTest", "LibUdp\Udp_UnitTest\Udp_UnitTest.csproj", "{C5FB61C4-D909-409F-8C88-256D6085EDB1}"
	ProjectSection(ProjectDependencies) = postProject
		{2EEFD039-02A7-4DC4-940E-58B76074EB88} = {2EEFD039-02A7-4DC4-940E-58B76074EB88}
		{04B6D081-6952-4F0D-8402-DF169E0DFB51} = {04B6D081-6952-4F0D-8402-DF169E0DFB51}
		{323A5AA7-F7EB-4990-9B0E-540D75837716} = {323A5AA7-F7EB-4990-9B0E-540D75837716}
	EndProjectSection
EndProject
Project("{2150E333-8FDC-42A3-9474-1A3956D46DE8}") = "BASIC", "BASIC", "{C829C412-EE18-452A-BDF8-5D06C210266E}"
EndProject
Project("{2150E333-8FDC-42A3-9474-1A3956D46DE8}") = "TIMER_MOCKABLE", "TIMER_MOCKABLE", "{DCF35186-69B9-4F65-9428-A915547EDAAA}"
EndProject
Project("{2150E333-8FDC-42A3-9474-1A3956D46DE8}") = "COMMUNICATION", "COMMUNICATION", "{1590295E-2AA4-4066-9D4F-7018A01FFA30}"
EndProject
Project("{FAE04EC0-301F-11D3-BF4B-00C04F79EFBC}") = "TimerMockable", "TimerMockable\TimerMockable.csproj", "{323A5AA7-F7EB-4990-9B0E-540D75837716}"
EndProject
Project("{FAE04EC0-301F-11D3-BF4B-00C04F79EFBC}") = "TestRunnerUdpSend", "LibraryTestRunner\TestRunnerUdpSend.csproj", "{AB0386B7-A989-4D8E-997B-ACA7A3C03170}"
	ProjectSection(ProjectDependencies) = postProject
		{2EEFD039-02A7-4DC4-940E-58B76074EB88} = {2EEFD039-02A7-4DC4-940E-58B76074EB88}
	EndProjectSection
EndProject
Project("{FAE04EC0-301F-11D3-BF4B-00C04F79EFBC}") = "TestRunnerUdpSendPeriodicStartStop", "TestRunnerUdpSendPeriodicStartStop\TestRunnerUdpSendPeriodicStartStop.csproj", "{67364CDD-4019-4EA7-8937-195251DB1078}"
	ProjectSection(ProjectDependencies) = postProject
		{2EEFD039-02A7-4DC4-940E-58B76074EB88} = {2EEFD039-02A7-4DC4-940E-58B76074EB88}
	EndProjectSection
EndProject
Project("{FAE04EC0-301F-11D3-BF4B-00C04F79EFBC}") = "TestRunnerUdpReceive", "TestRunnerUdpReceive\TestRunnerUdpReceive.csproj", "{1819DAC5-C6D6-40B2-A5D5-57B6D2B4A71D}"
EndProject
Project("{2150E333-8FDC-42A3-9474-1A3956D46DE8}") = "COLLECTION", "COLLECTION", "{A3B03053-4C2D-4068-BA2D-860E9536740B}"
EndProject
Project("{2150E333-8FDC-42A3-9474-1A3956D46DE8}") = "HANDLER", "HANDLER", "{C9528237-14C3-4D79-8397-7D25CDFFE25C}"
EndProject
Project("{2150E333-8FDC-42A3-9474-1A3956D46DE8}") = "TELEGRAMMBUILDER", "TELEGRAMMBUILDER", "{BE9A979B-E198-4E08-AE34-F41FD5256655}"
EndProject
Project("{2150E333-8FDC-42A3-9474-1A3956D46DE8}") = "SYSTEMSERVICES", "SYSTEMSERVICES", "{0111543B-E5DB-441D-BCF5-52E470E587B1}"
EndProject
Project("{FAE04EC0-301F-11D3-BF4B-00C04F79EFBC}") = "SystemServices", "SystemServices\SystemServices.csproj", "{2EEFD039-02A7-4DC4-940E-58B76074EB88}"
EndProject
Project("{2150E333-8FDC-42A3-9474-1A3956D46DE8}") = "UDP", "UDP", "{A8924DB9-BBF0-41E2-859A-550445AF2BF3}"
EndProject
Project("{2150E333-8FDC-42A3-9474-1A3956D46DE8}") = "UNIT_TESTS", "UNIT_TESTS", "{36832E02-F5E9-47A8-B67E-51F0D068E44A}"
EndProject
Project("{2150E333-8FDC-42A3-9474-1A3956D46DE8}") = "TESTRUNNERS", "TESTRUNNERS", "{479D24D1-9321-4886-A3DC-25B697ACF871}"
EndProject
Project("{FAE04EC0-301F-11D3-BF4B-00C04F79EFBC}") = "TelegrammBuilder", "TelegrammBuilder\TelegrammBuilder.csproj", "{921FDDE8-85C6-4AB4-8757-2345FA18AD59}"
	ProjectSection(ProjectDependencies) = postProject
		{5D49F2EA-7A48-4D68-BADC-A40414FF7FD7} = {5D49F2EA-7A48-4D68-BADC-A40414FF7FD7}
	EndProjectSection
EndProject
Project("{2150E333-8FDC-42A3-9474-1A3956D46DE8}") = "HARDCONFIGURATION", "HARDCONFIGURATION", "{2B3A8D65-5461-46D9-B7CC-8E9490DC5CCC}"
EndProject
Project("{FAE04EC0-301F-11D3-BF4B-00C04F79EFBC}") = "HardConfig", "HardConfig\HardConfig.csproj", "{5D49F2EA-7A48-4D68-BADC-A40414FF7FD7}"
	ProjectSection(ProjectDependencies) = postProject
		{2EEFD039-02A7-4DC4-940E-58B76074EB88} = {2EEFD039-02A7-4DC4-940E-58B76074EB88}
	EndProjectSection
EndProject
Project("{2150E333-8FDC-42A3-9474-1A3956D46DE8}") = "UNIT_TEST", "UNIT_TEST", "{6AD6D300-81FB-4671-A14A-222B9E361A81}"
EndProject
Project("{FAE04EC0-301F-11D3-BF4B-00C04F79EFBC}") = "Telegramm_UnitTests", "Telegramm_UnitTests\Telegramm_UnitTests.csproj", "{25AA4403-ED03-4FA5-B70B-1A078E635381}"
	ProjectSection(ProjectDependencies) = postProject
		{2EEFD039-02A7-4DC4-940E-58B76074EB88} = {2EEFD039-02A7-4DC4-940E-58B76074EB88}
		{323A5AA7-F7EB-4990-9B0E-540D75837716} = {323A5AA7-F7EB-4990-9B0E-540D75837716}
		{67364CDD-4019-4EA7-8937-195251DB1078} = {67364CDD-4019-4EA7-8937-195251DB1078}
		{921FDDE8-85C6-4AB4-8757-2345FA18AD59} = {921FDDE8-85C6-4AB4-8757-2345FA18AD59}
	EndProjectSection
EndProject
Project("{2150E333-8FDC-42A3-9474-1A3956D46DE8}") = "TELEGRAMMEVALUATER", "TELEGRAMMEVALUATER", "{3952CE3B-CACC-42B5-860A-BAD88678D88A}"
EndProject
Project("{FAE04EC0-301F-11D3-BF4B-00C04F79EFBC}") = "TelegrammEvaluator", "TelegrammEvaluator\TelegrammEvaluator.csproj", "{7C0B3545-F39B-40A5-B957-829ADB323E81}"
EndProject
Project("{2150E333-8FDC-42A3-9474-1A3956D46DE8}") = "UNIT_TEST", "UNIT_TEST", "{D88137B8-B5A0-46D5-AB75-B047E71A65CC}"
EndProject
Project("{FAE04EC0-301F-11D3-BF4B-00C04F79EFBC}") = "TelegrEvaluator_UnitTests", "TelegrEvaluator_UnitTests\TelegrEvaluator_UnitTests.csproj", "{61735C11-B5C4-4530-B917-5F15200281AF}"
EndProject
Project("{2150E333-8FDC-42A3-9474-1A3956D46DE8}") = "CONTROLLER", "CONTROLLER", "{750C1273-E74E-4BA1-AE2B-88B9EA1F6C08}"
EndProject
Project("{2150E333-8FDC-42A3-9474-1A3956D46DE8}") = "DIGITALHEATERCONTROL", "DIGITALHEATERCONTROL", "{6152F74A-5D03-461E-87A0-05B2CD86B158}"
EndProject
Project("{2150E333-8FDC-42A3-9474-1A3956D46DE8}") = "UNIT_TEST", "UNIT_TEST", "{708CE887-0229-407B-A64E-9130C64D18E6}"
EndProject
Project("{FAE04EC0-301F-11D3-BF4B-00C04F79EFBC}") = "HeaterController", "HeaterController\HeaterController.csproj", "{CDC27552-2A35-4885-B458-868AA8F3DEC1}"
	ProjectSection(ProjectDependencies) = postProject
		{323A5AA7-F7EB-4990-9B0E-540D75837716} = {323A5AA7-F7EB-4990-9B0E-540D75837716}
	EndProjectSection
EndProject
Project("{FAE04EC0-301F-11D3-BF4B-00C04F79EFBC}") = "HeaterControl_UnitTests", "HeaterControl_UnitTests\HeaterControl_UnitTests.csproj", "{530F1719-BE6A-428B-89C5-311E4A1AC11F}"
EndProject
Project("{2150E333-8FDC-42A3-9474-1A3956D46DE8}") = "SIGNALSEQUENCER", "SIGNALSEQUENCER", "{48DB8749-462F-469F-AA70-55CC157146FF}"
EndProject
Project("{FAE04EC0-301F-11D3-BF4B-00C04F79EFBC}") = "SignalSequencer", "SignalSequencer\SignalSequencer.csproj", "{C4730F40-64B6-49FC-A425-1582EF62D91D}"
	ProjectSection(ProjectDependencies) = postProject
		{323A5AA7-F7EB-4990-9B0E-540D75837716} = {323A5AA7-F7EB-4990-9B0E-540D75837716}
	EndProjectSection
EndProject
Project("{FAE04EC0-301F-11D3-BF4B-00C04F79EFBC}") = "KeyEventsAtConsole_TestHeaterController", "KeyEventsAtConsole\KeyEventsAtConsole_TestHeaterController.csproj", "{6FC3E203-9513-4F12-9966-B41F31A6396E}"
	ProjectSection(ProjectDependencies) = postProject
		{323A5AA7-F7EB-4990-9B0E-540D75837716} = {323A5AA7-F7EB-4990-9B0E-540D75837716}
	EndProjectSection
EndProject
Project("{FAE04EC0-301F-11D3-BF4B-00C04F79EFBC}") = "TestRunnerHeaterController", "TestRunnerHeaterController\TestRunnerHeaterController.csproj", "{C78925DE-3FF7-4B5B-A5E3-1A656A0FC00E}"
EndProject
Project("{2150E333-8FDC-42A3-9474-1A3956D46DE8}") = "PROTOCOLL", "PROTOCOLL", "{3283F536-2A93-4A94-BC02-4B646D0E88B5}"
EndProject
Project("{2150E333-8FDC-42A3-9474-1A3956D46DE8}") = "POWERCONTROLLER", "POWERCONTROLLER", "{FF1711DB-473D-4FD5-83C6-1759122BFC20}"
EndProject
Project("{FAE04EC0-301F-11D3-BF4B-00C04F79EFBC}") = "Power_Controller", "Power_Controller\Power_Controller.csproj", "{D8D29E13-AB78-4A41-AC83-227B7D0622C3}"
EndProject
Project("{2150E333-8FDC-42A3-9474-1A3956D46DE8}") = "UNIT_TEST", "UNIT_TEST", "{D8E4ADB4-6559-49D6-A8B8-F06954CD02D2}"
EndProject
Project("{FAE04EC0-301F-11D3-BF4B-00C04F79EFBC}") = "CommonController", "CommonController\CommonController.csproj", "{3B53484E-E9F7-41DC-BF90-D93389D4E2EA}"
EndProject
Project("{FAE04EC0-301F-11D3-BF4B-00C04F79EFBC}") = "CommonController_UnitTests", "CommonController_UnitTests\CommonController_UnitTests.csproj", "{8BE94E16-F9BA-4243-94CC-35632FF291B0}"
EndProject
Project("{FAE04EC0-301F-11D3-BF4B-00C04F79EFBC}") = "PowerController_UnitTest", "PowerController_UnitTest2\PowerController_UnitTest.csproj", "{E149EF5F-37E3-4B45-B0B3-9DD289DFF62A}"
EndProject
Project("{FAE04EC0-301F-11D3-BF4B-00C04F79EFBC}") = "PowerController_UnitTest.csproj", "PowerController_UnitTest\PowerController_UnitTest.csproj.csproj", "{7A842798-5E19-4A42-BFBE-2A515AC0F915}"
EndProject
Project("{FAE04EC0-301F-11D3-BF4B-00C04F79EFBC}") = "HomeAutomationProtocoll", "HomeAutomationProtocoll\HomeAutomationProtocoll.csproj", "{CB846605-02BF-420B-9E2D-67EED8B6D16E}"
EndProject
Global
	GlobalSection(SolutionConfigurationPlatforms) = preSolution
		Debug|Any CPU = Debug|Any CPU
		Debug|x64 = Debug|x64
		Debug|x86 = Debug|x86
		Release|Any CPU = Release|Any CPU
		Release|x64 = Release|x64
		Release|x86 = Release|x86
	EndGlobalSection
	GlobalSection(ProjectConfigurationPlatforms) = postSolution
		{04B6D081-6952-4F0D-8402-DF169E0DFB51}.Debug|Any CPU.ActiveCfg = Debug|Any CPU
		{04B6D081-6952-4F0D-8402-DF169E0DFB51}.Debug|Any CPU.Build.0 = Debug|Any CPU
		{04B6D081-6952-4F0D-8402-DF169E0DFB51}.Debug|x64.ActiveCfg = Debug|Any CPU
		{04B6D081-6952-4F0D-8402-DF169E0DFB51}.Debug|x64.Build.0 = Debug|Any CPU
		{04B6D081-6952-4F0D-8402-DF169E0DFB51}.Debug|x86.ActiveCfg = Debug|Any CPU
		{04B6D081-6952-4F0D-8402-DF169E0DFB51}.Debug|x86.Build.0 = Debug|Any CPU
		{04B6D081-6952-4F0D-8402-DF169E0DFB51}.Release|Any CPU.ActiveCfg = Release|Any CPU
		{04B6D081-6952-4F0D-8402-DF169E0DFB51}.Release|Any CPU.Build.0 = Release|Any CPU
		{04B6D081-6952-4F0D-8402-DF169E0DFB51}.Release|x64.ActiveCfg = Release|Any CPU
		{04B6D081-6952-4F0D-8402-DF169E0DFB51}.Release|x64.Build.0 = Release|Any CPU
		{04B6D081-6952-4F0D-8402-DF169E0DFB51}.Release|x86.ActiveCfg = Release|Any CPU
		{04B6D081-6952-4F0D-8402-DF169E0DFB51}.Release|x86.Build.0 = Release|Any CPU
		{C5FB61C4-D909-409F-8C88-256D6085EDB1}.Debug|Any CPU.ActiveCfg = Debug|Any CPU
		{C5FB61C4-D909-409F-8C88-256D6085EDB1}.Debug|Any CPU.Build.0 = Debug|Any CPU
		{C5FB61C4-D909-409F-8C88-256D6085EDB1}.Debug|x64.ActiveCfg = Debug|Any CPU
		{C5FB61C4-D909-409F-8C88-256D6085EDB1}.Debug|x64.Build.0 = Debug|Any CPU
		{C5FB61C4-D909-409F-8C88-256D6085EDB1}.Debug|x86.ActiveCfg = Debug|Any CPU
		{C5FB61C4-D909-409F-8C88-256D6085EDB1}.Debug|x86.Build.0 = Debug|Any CPU
		{C5FB61C4-D909-409F-8C88-256D6085EDB1}.Release|Any CPU.ActiveCfg = Release|Any CPU
		{C5FB61C4-D909-409F-8C88-256D6085EDB1}.Release|Any CPU.Build.0 = Release|Any CPU
		{C5FB61C4-D909-409F-8C88-256D6085EDB1}.Release|x64.ActiveCfg = Release|Any CPU
		{C5FB61C4-D909-409F-8C88-256D6085EDB1}.Release|x64.Build.0 = Release|Any CPU
		{C5FB61C4-D909-409F-8C88-256D6085EDB1}.Release|x86.ActiveCfg = Release|Any CPU
		{C5FB61C4-D909-409F-8C88-256D6085EDB1}.Release|x86.Build.0 = Release|Any CPU
		{323A5AA7-F7EB-4990-9B0E-540D75837716}.Debug|Any CPU.ActiveCfg = Debug|Any CPU
		{323A5AA7-F7EB-4990-9B0E-540D75837716}.Debug|Any CPU.Build.0 = Debug|Any CPU
		{323A5AA7-F7EB-4990-9B0E-540D75837716}.Debug|x64.ActiveCfg = Debug|Any CPU
		{323A5AA7-F7EB-4990-9B0E-540D75837716}.Debug|x64.Build.0 = Debug|Any CPU
		{323A5AA7-F7EB-4990-9B0E-540D75837716}.Debug|x86.ActiveCfg = Debug|Any CPU
		{323A5AA7-F7EB-4990-9B0E-540D75837716}.Debug|x86.Build.0 = Debug|Any CPU
		{323A5AA7-F7EB-4990-9B0E-540D75837716}.Release|Any CPU.ActiveCfg = Release|Any CPU
		{323A5AA7-F7EB-4990-9B0E-540D75837716}.Release|Any CPU.Build.0 = Release|Any CPU
		{323A5AA7-F7EB-4990-9B0E-540D75837716}.Release|x64.ActiveCfg = Release|Any CPU
		{323A5AA7-F7EB-4990-9B0E-540D75837716}.Release|x64.Build.0 = Release|Any CPU
		{323A5AA7-F7EB-4990-9B0E-540D75837716}.Release|x86.ActiveCfg = Release|Any CPU
		{323A5AA7-F7EB-4990-9B0E-540D75837716}.Release|x86.Build.0 = Release|Any CPU
		{AB0386B7-A989-4D8E-997B-ACA7A3C03170}.Debug|Any CPU.ActiveCfg = Debug|Any CPU
		{AB0386B7-A989-4D8E-997B-ACA7A3C03170}.Debug|Any CPU.Build.0 = Debug|Any CPU
		{AB0386B7-A989-4D8E-997B-ACA7A3C03170}.Debug|x64.ActiveCfg = Debug|Any CPU
		{AB0386B7-A989-4D8E-997B-ACA7A3C03170}.Debug|x64.Build.0 = Debug|Any CPU
		{AB0386B7-A989-4D8E-997B-ACA7A3C03170}.Debug|x86.ActiveCfg = Debug|Any CPU
		{AB0386B7-A989-4D8E-997B-ACA7A3C03170}.Debug|x86.Build.0 = Debug|Any CPU
		{AB0386B7-A989-4D8E-997B-ACA7A3C03170}.Release|Any CPU.ActiveCfg = Release|Any CPU
		{AB0386B7-A989-4D8E-997B-ACA7A3C03170}.Release|Any CPU.Build.0 = Release|Any CPU
		{AB0386B7-A989-4D8E-997B-ACA7A3C03170}.Release|x64.ActiveCfg = Release|Any CPU
		{AB0386B7-A989-4D8E-997B-ACA7A3C03170}.Release|x64.Build.0 = Release|Any CPU
		{AB0386B7-A989-4D8E-997B-ACA7A3C03170}.Release|x86.ActiveCfg = Release|Any CPU
		{AB0386B7-A989-4D8E-997B-ACA7A3C03170}.Release|x86.Build.0 = Release|Any CPU
		{67364CDD-4019-4EA7-8937-195251DB1078}.Debug|Any CPU.ActiveCfg = Debug|Any CPU
		{67364CDD-4019-4EA7-8937-195251DB1078}.Debug|Any CPU.Build.0 = Debug|Any CPU
		{67364CDD-4019-4EA7-8937-195251DB1078}.Debug|x64.ActiveCfg = Debug|Any CPU
		{67364CDD-4019-4EA7-8937-195251DB1078}.Debug|x64.Build.0 = Debug|Any CPU
		{67364CDD-4019-4EA7-8937-195251DB1078}.Debug|x86.ActiveCfg = Debug|Any CPU
		{67364CDD-4019-4EA7-8937-195251DB1078}.Debug|x86.Build.0 = Debug|Any CPU
		{67364CDD-4019-4EA7-8937-195251DB1078}.Release|Any CPU.ActiveCfg = Release|Any CPU
		{67364CDD-4019-4EA7-8937-195251DB1078}.Release|Any CPU.Build.0 = Release|Any CPU
		{67364CDD-4019-4EA7-8937-195251DB1078}.Release|x64.ActiveCfg = Release|Any CPU
		{67364CDD-4019-4EA7-8937-195251DB1078}.Release|x64.Build.0 = Release|Any CPU
		{67364CDD-4019-4EA7-8937-195251DB1078}.Release|x86.ActiveCfg = Release|Any CPU
		{67364CDD-4019-4EA7-8937-195251DB1078}.Release|x86.Build.0 = Release|Any CPU
		{1819DAC5-C6D6-40B2-A5D5-57B6D2B4A71D}.Debug|Any CPU.ActiveCfg = Debug|Any CPU
		{1819DAC5-C6D6-40B2-A5D5-57B6D2B4A71D}.Debug|Any CPU.Build.0 = Debug|Any CPU
		{1819DAC5-C6D6-40B2-A5D5-57B6D2B4A71D}.Debug|x64.ActiveCfg = Debug|Any CPU
		{1819DAC5-C6D6-40B2-A5D5-57B6D2B4A71D}.Debug|x64.Build.0 = Debug|Any CPU
		{1819DAC5-C6D6-40B2-A5D5-57B6D2B4A71D}.Debug|x86.ActiveCfg = Debug|Any CPU
		{1819DAC5-C6D6-40B2-A5D5-57B6D2B4A71D}.Debug|x86.Build.0 = Debug|Any CPU
		{1819DAC5-C6D6-40B2-A5D5-57B6D2B4A71D}.Release|Any CPU.ActiveCfg = Release|Any CPU
		{1819DAC5-C6D6-40B2-A5D5-57B6D2B4A71D}.Release|Any CPU.Build.0 = Release|Any CPU
		{1819DAC5-C6D6-40B2-A5D5-57B6D2B4A71D}.Release|x64.ActiveCfg = Release|Any CPU
		{1819DAC5-C6D6-40B2-A5D5-57B6D2B4A71D}.Release|x64.Build.0 = Release|Any CPU
		{1819DAC5-C6D6-40B2-A5D5-57B6D2B4A71D}.Release|x86.ActiveCfg = Release|Any CPU
		{1819DAC5-C6D6-40B2-A5D5-57B6D2B4A71D}.Release|x86.Build.0 = Release|Any CPU
		{2EEFD039-02A7-4DC4-940E-58B76074EB88}.Debug|Any CPU.ActiveCfg = Debug|Any CPU
		{2EEFD039-02A7-4DC4-940E-58B76074EB88}.Debug|Any CPU.Build.0 = Debug|Any CPU
		{2EEFD039-02A7-4DC4-940E-58B76074EB88}.Debug|x64.ActiveCfg = Debug|Any CPU
		{2EEFD039-02A7-4DC4-940E-58B76074EB88}.Debug|x64.Build.0 = Debug|Any CPU
		{2EEFD039-02A7-4DC4-940E-58B76074EB88}.Debug|x86.ActiveCfg = Debug|Any CPU
		{2EEFD039-02A7-4DC4-940E-58B76074EB88}.Debug|x86.Build.0 = Debug|Any CPU
		{2EEFD039-02A7-4DC4-940E-58B76074EB88}.Release|Any CPU.ActiveCfg = Release|Any CPU
		{2EEFD039-02A7-4DC4-940E-58B76074EB88}.Release|Any CPU.Build.0 = Release|Any CPU
		{2EEFD039-02A7-4DC4-940E-58B76074EB88}.Release|x64.ActiveCfg = Release|Any CPU
		{2EEFD039-02A7-4DC4-940E-58B76074EB88}.Release|x64.Build.0 = Release|Any CPU
		{2EEFD039-02A7-4DC4-940E-58B76074EB88}.Release|x86.ActiveCfg = Release|Any CPU
		{2EEFD039-02A7-4DC4-940E-58B76074EB88}.Release|x86.Build.0 = Release|Any CPU
		{921FDDE8-85C6-4AB4-8757-2345FA18AD59}.Debug|Any CPU.ActiveCfg = Debug|Any CPU
		{921FDDE8-85C6-4AB4-8757-2345FA18AD59}.Debug|Any CPU.Build.0 = Debug|Any CPU
		{921FDDE8-85C6-4AB4-8757-2345FA18AD59}.Debug|x64.ActiveCfg = Debug|Any CPU
		{921FDDE8-85C6-4AB4-8757-2345FA18AD59}.Debug|x64.Build.0 = Debug|Any CPU
		{921FDDE8-85C6-4AB4-8757-2345FA18AD59}.Debug|x86.ActiveCfg = Debug|Any CPU
		{921FDDE8-85C6-4AB4-8757-2345FA18AD59}.Debug|x86.Build.0 = Debug|Any CPU
		{921FDDE8-85C6-4AB4-8757-2345FA18AD59}.Release|Any CPU.ActiveCfg = Release|Any CPU
		{921FDDE8-85C6-4AB4-8757-2345FA18AD59}.Release|Any CPU.Build.0 = Release|Any CPU
		{921FDDE8-85C6-4AB4-8757-2345FA18AD59}.Release|x64.ActiveCfg = Release|Any CPU
		{921FDDE8-85C6-4AB4-8757-2345FA18AD59}.Release|x64.Build.0 = Release|Any CPU
		{921FDDE8-85C6-4AB4-8757-2345FA18AD59}.Release|x86.ActiveCfg = Release|Any CPU
		{921FDDE8-85C6-4AB4-8757-2345FA18AD59}.Release|x86.Build.0 = Release|Any CPU
		{5D49F2EA-7A48-4D68-BADC-A40414FF7FD7}.Debug|Any CPU.ActiveCfg = Debug|Any CPU
		{5D49F2EA-7A48-4D68-BADC-A40414FF7FD7}.Debug|Any CPU.Build.0 = Debug|Any CPU
		{5D49F2EA-7A48-4D68-BADC-A40414FF7FD7}.Debug|x64.ActiveCfg = Debug|Any CPU
		{5D49F2EA-7A48-4D68-BADC-A40414FF7FD7}.Debug|x64.Build.0 = Debug|Any CPU
		{5D49F2EA-7A48-4D68-BADC-A40414FF7FD7}.Debug|x86.ActiveCfg = Debug|Any CPU
		{5D49F2EA-7A48-4D68-BADC-A40414FF7FD7}.Debug|x86.Build.0 = Debug|Any CPU
		{5D49F2EA-7A48-4D68-BADC-A40414FF7FD7}.Release|Any CPU.ActiveCfg = Release|Any CPU
		{5D49F2EA-7A48-4D68-BADC-A40414FF7FD7}.Release|Any CPU.Build.0 = Release|Any CPU
		{5D49F2EA-7A48-4D68-BADC-A40414FF7FD7}.Release|x64.ActiveCfg = Release|Any CPU
		{5D49F2EA-7A48-4D68-BADC-A40414FF7FD7}.Release|x64.Build.0 = Release|Any CPU
		{5D49F2EA-7A48-4D68-BADC-A40414FF7FD7}.Release|x86.ActiveCfg = Release|Any CPU
		{5D49F2EA-7A48-4D68-BADC-A40414FF7FD7}.Release|x86.Build.0 = Release|Any CPU
		{25AA4403-ED03-4FA5-B70B-1A078E635381}.Debug|Any CPU.ActiveCfg = Debug|Any CPU
		{25AA4403-ED03-4FA5-B70B-1A078E635381}.Debug|Any CPU.Build.0 = Debug|Any CPU
		{25AA4403-ED03-4FA5-B70B-1A078E635381}.Debug|x64.ActiveCfg = Debug|Any CPU
		{25AA4403-ED03-4FA5-B70B-1A078E635381}.Debug|x64.Build.0 = Debug|Any CPU
		{25AA4403-ED03-4FA5-B70B-1A078E635381}.Debug|x86.ActiveCfg = Debug|Any CPU
		{25AA4403-ED03-4FA5-B70B-1A078E635381}.Debug|x86.Build.0 = Debug|Any CPU
		{25AA4403-ED03-4FA5-B70B-1A078E635381}.Release|Any CPU.ActiveCfg = Release|Any CPU
		{25AA4403-ED03-4FA5-B70B-1A078E635381}.Release|Any CPU.Build.0 = Release|Any CPU
		{25AA4403-ED03-4FA5-B70B-1A078E635381}.Release|x64.ActiveCfg = Release|Any CPU
		{25AA4403-ED03-4FA5-B70B-1A078E635381}.Release|x64.Build.0 = Release|Any CPU
		{25AA4403-ED03-4FA5-B70B-1A078E635381}.Release|x86.ActiveCfg = Release|Any CPU
		{25AA4403-ED03-4FA5-B70B-1A078E635381}.Release|x86.Build.0 = Release|Any CPU
		{7C0B3545-F39B-40A5-B957-829ADB323E81}.Debug|Any CPU.ActiveCfg = Debug|Any CPU
		{7C0B3545-F39B-40A5-B957-829ADB323E81}.Debug|Any CPU.Build.0 = Debug|Any CPU
		{7C0B3545-F39B-40A5-B957-829ADB323E81}.Debug|x64.ActiveCfg = Debug|Any CPU
		{7C0B3545-F39B-40A5-B957-829ADB323E81}.Debug|x64.Build.0 = Debug|Any CPU
		{7C0B3545-F39B-40A5-B957-829ADB323E81}.Debug|x86.ActiveCfg = Debug|Any CPU
		{7C0B3545-F39B-40A5-B957-829ADB323E81}.Debug|x86.Build.0 = Debug|Any CPU
		{7C0B3545-F39B-40A5-B957-829ADB323E81}.Release|Any CPU.ActiveCfg = Release|Any CPU
		{7C0B3545-F39B-40A5-B957-829ADB323E81}.Release|Any CPU.Build.0 = Release|Any CPU
		{7C0B3545-F39B-40A5-B957-829ADB323E81}.Release|x64.ActiveCfg = Release|Any CPU
		{7C0B3545-F39B-40A5-B957-829ADB323E81}.Release|x64.Build.0 = Release|Any CPU
		{7C0B3545-F39B-40A5-B957-829ADB323E81}.Release|x86.ActiveCfg = Release|Any CPU
		{7C0B3545-F39B-40A5-B957-829ADB323E81}.Release|x86.Build.0 = Release|Any CPU
		{61735C11-B5C4-4530-B917-5F15200281AF}.Debug|Any CPU.ActiveCfg = Debug|Any CPU
		{61735C11-B5C4-4530-B917-5F15200281AF}.Debug|Any CPU.Build.0 = Debug|Any CPU
		{61735C11-B5C4-4530-B917-5F15200281AF}.Debug|x64.ActiveCfg = Debug|Any CPU
		{61735C11-B5C4-4530-B917-5F15200281AF}.Debug|x64.Build.0 = Debug|Any CPU
		{61735C11-B5C4-4530-B917-5F15200281AF}.Debug|x86.ActiveCfg = Debug|Any CPU
		{61735C11-B5C4-4530-B917-5F15200281AF}.Debug|x86.Build.0 = Debug|Any CPU
		{61735C11-B5C4-4530-B917-5F15200281AF}.Release|Any CPU.ActiveCfg = Release|Any CPU
		{61735C11-B5C4-4530-B917-5F15200281AF}.Release|Any CPU.Build.0 = Release|Any CPU
		{61735C11-B5C4-4530-B917-5F15200281AF}.Release|x64.ActiveCfg = Release|Any CPU
		{61735C11-B5C4-4530-B917-5F15200281AF}.Release|x64.Build.0 = Release|Any CPU
		{61735C11-B5C4-4530-B917-5F15200281AF}.Release|x86.ActiveCfg = Release|Any CPU
		{61735C11-B5C4-4530-B917-5F15200281AF}.Release|x86.Build.0 = Release|Any CPU
		{CDC27552-2A35-4885-B458-868AA8F3DEC1}.Debug|Any CPU.ActiveCfg = Debug|Any CPU
		{CDC27552-2A35-4885-B458-868AA8F3DEC1}.Debug|Any CPU.Build.0 = Debug|Any CPU
		{CDC27552-2A35-4885-B458-868AA8F3DEC1}.Debug|x64.ActiveCfg = Debug|Any CPU
		{CDC27552-2A35-4885-B458-868AA8F3DEC1}.Debug|x64.Build.0 = Debug|Any CPU
		{CDC27552-2A35-4885-B458-868AA8F3DEC1}.Debug|x86.ActiveCfg = Debug|Any CPU
		{CDC27552-2A35-4885-B458-868AA8F3DEC1}.Debug|x86.Build.0 = Debug|Any CPU
		{CDC27552-2A35-4885-B458-868AA8F3DEC1}.Release|Any CPU.ActiveCfg = Release|Any CPU
		{CDC27552-2A35-4885-B458-868AA8F3DEC1}.Release|Any CPU.Build.0 = Release|Any CPU
		{CDC27552-2A35-4885-B458-868AA8F3DEC1}.Release|x64.ActiveCfg = Release|Any CPU
		{CDC27552-2A35-4885-B458-868AA8F3DEC1}.Release|x64.Build.0 = Release|Any CPU
		{CDC27552-2A35-4885-B458-868AA8F3DEC1}.Release|x86.ActiveCfg = Release|Any CPU
		{CDC27552-2A35-4885-B458-868AA8F3DEC1}.Release|x86.Build.0 = Release|Any CPU
		{530F1719-BE6A-428B-89C5-311E4A1AC11F}.Debug|Any CPU.ActiveCfg = Debug|Any CPU
		{530F1719-BE6A-428B-89C5-311E4A1AC11F}.Debug|Any CPU.Build.0 = Debug|Any CPU
		{530F1719-BE6A-428B-89C5-311E4A1AC11F}.Debug|x64.ActiveCfg = Debug|Any CPU
		{530F1719-BE6A-428B-89C5-311E4A1AC11F}.Debug|x64.Build.0 = Debug|Any CPU
		{530F1719-BE6A-428B-89C5-311E4A1AC11F}.Debug|x86.ActiveCfg = Debug|Any CPU
		{530F1719-BE6A-428B-89C5-311E4A1AC11F}.Debug|x86.Build.0 = Debug|Any CPU
		{530F1719-BE6A-428B-89C5-311E4A1AC11F}.Release|Any CPU.ActiveCfg = Release|Any CPU
		{530F1719-BE6A-428B-89C5-311E4A1AC11F}.Release|Any CPU.Build.0 = Release|Any CPU
		{530F1719-BE6A-428B-89C5-311E4A1AC11F}.Release|x64.ActiveCfg = Release|Any CPU
		{530F1719-BE6A-428B-89C5-311E4A1AC11F}.Release|x64.Build.0 = Release|Any CPU
		{530F1719-BE6A-428B-89C5-311E4A1AC11F}.Release|x86.ActiveCfg = Release|Any CPU
		{530F1719-BE6A-428B-89C5-311E4A1AC11F}.Release|x86.Build.0 = Release|Any CPU
		{C4730F40-64B6-49FC-A425-1582EF62D91D}.Debug|Any CPU.ActiveCfg = Debug|Any CPU
		{C4730F40-64B6-49FC-A425-1582EF62D91D}.Debug|Any CPU.Build.0 = Debug|Any CPU
		{C4730F40-64B6-49FC-A425-1582EF62D91D}.Debug|x64.ActiveCfg = Debug|Any CPU
		{C4730F40-64B6-49FC-A425-1582EF62D91D}.Debug|x64.Build.0 = Debug|Any CPU
		{C4730F40-64B6-49FC-A425-1582EF62D91D}.Debug|x86.ActiveCfg = Debug|Any CPU
		{C4730F40-64B6-49FC-A425-1582EF62D91D}.Debug|x86.Build.0 = Debug|Any CPU
		{C4730F40-64B6-49FC-A425-1582EF62D91D}.Release|Any CPU.ActiveCfg = Release|Any CPU
		{C4730F40-64B6-49FC-A425-1582EF62D91D}.Release|Any CPU.Build.0 = Release|Any CPU
		{C4730F40-64B6-49FC-A425-1582EF62D91D}.Release|x64.ActiveCfg = Release|Any CPU
		{C4730F40-64B6-49FC-A425-1582EF62D91D}.Release|x64.Build.0 = Release|Any CPU
		{C4730F40-64B6-49FC-A425-1582EF62D91D}.Release|x86.ActiveCfg = Release|Any CPU
		{C4730F40-64B6-49FC-A425-1582EF62D91D}.Release|x86.Build.0 = Release|Any CPU
		{6FC3E203-9513-4F12-9966-B41F31A6396E}.Debug|Any CPU.ActiveCfg = Debug|Any CPU
		{6FC3E203-9513-4F12-9966-B41F31A6396E}.Debug|Any CPU.Build.0 = Debug|Any CPU
		{6FC3E203-9513-4F12-9966-B41F31A6396E}.Debug|x64.ActiveCfg = Debug|Any CPU
		{6FC3E203-9513-4F12-9966-B41F31A6396E}.Debug|x64.Build.0 = Debug|Any CPU
		{6FC3E203-9513-4F12-9966-B41F31A6396E}.Debug|x86.ActiveCfg = Debug|Any CPU
		{6FC3E203-9513-4F12-9966-B41F31A6396E}.Debug|x86.Build.0 = Debug|Any CPU
		{6FC3E203-9513-4F12-9966-B41F31A6396E}.Release|Any CPU.ActiveCfg = Release|Any CPU
		{6FC3E203-9513-4F12-9966-B41F31A6396E}.Release|Any CPU.Build.0 = Release|Any CPU
		{6FC3E203-9513-4F12-9966-B41F31A6396E}.Release|x64.ActiveCfg = Release|Any CPU
		{6FC3E203-9513-4F12-9966-B41F31A6396E}.Release|x64.Build.0 = Release|Any CPU
		{6FC3E203-9513-4F12-9966-B41F31A6396E}.Release|x86.ActiveCfg = Release|Any CPU
		{6FC3E203-9513-4F12-9966-B41F31A6396E}.Release|x86.Build.0 = Release|Any CPU
		{C78925DE-3FF7-4B5B-A5E3-1A656A0FC00E}.Debug|Any CPU.ActiveCfg = Debug|Any CPU
		{C78925DE-3FF7-4B5B-A5E3-1A656A0FC00E}.Debug|Any CPU.Build.0 = Debug|Any CPU
		{C78925DE-3FF7-4B5B-A5E3-1A656A0FC00E}.Debug|x64.ActiveCfg = Debug|Any CPU
		{C78925DE-3FF7-4B5B-A5E3-1A656A0FC00E}.Debug|x64.Build.0 = Debug|Any CPU
		{C78925DE-3FF7-4B5B-A5E3-1A656A0FC00E}.Debug|x86.ActiveCfg = Debug|Any CPU
		{C78925DE-3FF7-4B5B-A5E3-1A656A0FC00E}.Debug|x86.Build.0 = Debug|Any CPU
		{C78925DE-3FF7-4B5B-A5E3-1A656A0FC00E}.Release|Any CPU.ActiveCfg = Release|Any CPU
		{C78925DE-3FF7-4B5B-A5E3-1A656A0FC00E}.Release|Any CPU.Build.0 = Release|Any CPU
		{C78925DE-3FF7-4B5B-A5E3-1A656A0FC00E}.Release|x64.ActiveCfg = Release|Any CPU
		{C78925DE-3FF7-4B5B-A5E3-1A656A0FC00E}.Release|x64.Build.0 = Release|Any CPU
		{C78925DE-3FF7-4B5B-A5E3-1A656A0FC00E}.Release|x86.ActiveCfg = Release|Any CPU
		{C78925DE-3FF7-4B5B-A5E3-1A656A0FC00E}.Release|x86.Build.0 = Release|Any CPU
		{D8D29E13-AB78-4A41-AC83-227B7D0622C3}.Debug|Any CPU.ActiveCfg = Debug|Any CPU
		{D8D29E13-AB78-4A41-AC83-227B7D0622C3}.Debug|Any CPU.Build.0 = Debug|Any CPU
		{D8D29E13-AB78-4A41-AC83-227B7D0622C3}.Debug|x64.ActiveCfg = Debug|Any CPU
		{D8D29E13-AB78-4A41-AC83-227B7D0622C3}.Debug|x64.Build.0 = Debug|Any CPU
		{D8D29E13-AB78-4A41-AC83-227B7D0622C3}.Debug|x86.ActiveCfg = Debug|Any CPU
		{D8D29E13-AB78-4A41-AC83-227B7D0622C3}.Debug|x86.Build.0 = Debug|Any CPU
		{D8D29E13-AB78-4A41-AC83-227B7D0622C3}.Release|Any CPU.ActiveCfg = Release|Any CPU
		{D8D29E13-AB78-4A41-AC83-227B7D0622C3}.Release|Any CPU.Build.0 = Release|Any CPU
		{D8D29E13-AB78-4A41-AC83-227B7D0622C3}.Release|x64.ActiveCfg = Release|Any CPU
		{D8D29E13-AB78-4A41-AC83-227B7D0622C3}.Release|x64.Build.0 = Release|Any CPU
		{D8D29E13-AB78-4A41-AC83-227B7D0622C3}.Release|x86.ActiveCfg = Release|Any CPU
		{D8D29E13-AB78-4A41-AC83-227B7D0622C3}.Release|x86.Build.0 = Release|Any CPU
		{3B53484E-E9F7-41DC-BF90-D93389D4E2EA}.Debug|Any CPU.ActiveCfg = Debug|Any CPU
		{3B53484E-E9F7-41DC-BF90-D93389D4E2EA}.Debug|Any CPU.Build.0 = Debug|Any CPU
		{3B53484E-E9F7-41DC-BF90-D93389D4E2EA}.Debug|x64.ActiveCfg = Debug|x64
		{3B53484E-E9F7-41DC-BF90-D93389D4E2EA}.Debug|x64.Build.0 = Debug|x64
		{3B53484E-E9F7-41DC-BF90-D93389D4E2EA}.Debug|x86.ActiveCfg = Debug|x86
		{3B53484E-E9F7-41DC-BF90-D93389D4E2EA}.Debug|x86.Build.0 = Debug|x86
		{3B53484E-E9F7-41DC-BF90-D93389D4E2EA}.Release|Any CPU.ActiveCfg = Release|Any CPU
		{3B53484E-E9F7-41DC-BF90-D93389D4E2EA}.Release|Any CPU.Build.0 = Release|Any CPU
		{3B53484E-E9F7-41DC-BF90-D93389D4E2EA}.Release|x64.ActiveCfg = Release|x64
		{3B53484E-E9F7-41DC-BF90-D93389D4E2EA}.Release|x64.Build.0 = Release|x64
		{3B53484E-E9F7-41DC-BF90-D93389D4E2EA}.Release|x86.ActiveCfg = Release|x86
		{3B53484E-E9F7-41DC-BF90-D93389D4E2EA}.Release|x86.Build.0 = Release|x86
		{8BE94E16-F9BA-4243-94CC-35632FF291B0}.Debug|Any CPU.ActiveCfg = Debug|Any CPU
		{8BE94E16-F9BA-4243-94CC-35632FF291B0}.Debug|Any CPU.Build.0 = Debug|Any CPU
		{8BE94E16-F9BA-4243-94CC-35632FF291B0}.Debug|x64.ActiveCfg = Debug|Any CPU
		{8BE94E16-F9BA-4243-94CC-35632FF291B0}.Debug|x64.Build.0 = Debug|Any CPU
		{8BE94E16-F9BA-4243-94CC-35632FF291B0}.Debug|x86.ActiveCfg = Debug|Any CPU
		{8BE94E16-F9BA-4243-94CC-35632FF291B0}.Debug|x86.Build.0 = Debug|Any CPU
		{8BE94E16-F9BA-4243-94CC-35632FF291B0}.Release|Any CPU.ActiveCfg = Release|Any CPU
		{8BE94E16-F9BA-4243-94CC-35632FF291B0}.Release|Any CPU.Build.0 = Release|Any CPU
		{8BE94E16-F9BA-4243-94CC-35632FF291B0}.Release|x64.ActiveCfg = Release|Any CPU
		{8BE94E16-F9BA-4243-94CC-35632FF291B0}.Release|x64.Build.0 = Release|Any CPU
		{8BE94E16-F9BA-4243-94CC-35632FF291B0}.Release|x86.ActiveCfg = Release|Any CPU
		{8BE94E16-F9BA-4243-94CC-35632FF291B0}.Release|x86.Build.0 = Release|Any CPU
		{E149EF5F-37E3-4B45-B0B3-9DD289DFF62A}.Debug|Any CPU.ActiveCfg = Debug|Any CPU
		{E149EF5F-37E3-4B45-B0B3-9DD289DFF62A}.Debug|Any CPU.Build.0 = Debug|Any CPU
		{E149EF5F-37E3-4B45-B0B3-9DD289DFF62A}.Debug|x64.ActiveCfg = Debug|Any CPU
		{E149EF5F-37E3-4B45-B0B3-9DD289DFF62A}.Debug|x86.ActiveCfg = Debug|Any CPU
		{E149EF5F-37E3-4B45-B0B3-9DD289DFF62A}.Release|Any CPU.ActiveCfg = Release|Any CPU
		{E149EF5F-37E3-4B45-B0B3-9DD289DFF62A}.Release|Any CPU.Build.0 = Release|Any CPU
		{E149EF5F-37E3-4B45-B0B3-9DD289DFF62A}.Release|x64.ActiveCfg = Release|Any CPU
		{E149EF5F-37E3-4B45-B0B3-9DD289DFF62A}.Release|x86.ActiveCfg = Release|Any CPU
		{7A842798-5E19-4A42-BFBE-2A515AC0F915}.Debug|Any CPU.ActiveCfg = Debug|Any CPU
		{7A842798-5E19-4A42-BFBE-2A515AC0F915}.Debug|Any CPU.Build.0 = Debug|Any CPU
		{7A842798-5E19-4A42-BFBE-2A515AC0F915}.Debug|x64.ActiveCfg = Debug|Any CPU
		{7A842798-5E19-4A42-BFBE-2A515AC0F915}.Debug|x64.Build.0 = Debug|Any CPU
		{7A842798-5E19-4A42-BFBE-2A515AC0F915}.Debug|x86.ActiveCfg = Debug|Any CPU
		{7A842798-5E19-4A42-BFBE-2A515AC0F915}.Debug|x86.Build.0 = Debug|Any CPU
		{7A842798-5E19-4A42-BFBE-2A515AC0F915}.Release|Any CPU.ActiveCfg = Release|Any CPU
		{7A842798-5E19-4A42-BFBE-2A515AC0F915}.Release|Any CPU.Build.0 = Release|Any CPU
		{7A842798-5E19-4A42-BFBE-2A515AC0F915}.Release|x64.ActiveCfg = Release|Any CPU
		{7A842798-5E19-4A42-BFBE-2A515AC0F915}.Release|x64.Build.0 = Release|Any CPU
		{7A842798-5E19-4A42-BFBE-2A515AC0F915}.Release|x86.ActiveCfg = Release|Any CPU
		{7A842798-5E19-4A42-BFBE-2A515AC0F915}.Release|x86.Build.0 = Release|Any CPU
		{CB846605-02BF-420B-9E2D-67EED8B6D16E}.Debug|Any CPU.ActiveCfg = Debug|Any CPU
		{CB846605-02BF-420B-9E2D-67EED8B6D16E}.Debug|Any CPU.Build.0 = Debug|Any CPU
		{CB846605-02BF-420B-9E2D-67EED8B6D16E}.Debug|x64.ActiveCfg = Debug|Any CPU
		{CB846605-02BF-420B-9E2D-67EED8B6D16E}.Debug|x64.Build.0 = Debug|Any CPU
		{CB846605-02BF-420B-9E2D-67EED8B6D16E}.Debug|x86.ActiveCfg = Debug|Any CPU
		{CB846605-02BF-420B-9E2D-67EED8B6D16E}.Debug|x86.Build.0 = Debug|Any CPU
		{CB846605-02BF-420B-9E2D-67EED8B6D16E}.Release|Any CPU.ActiveCfg = Release|Any CPU
		{CB846605-02BF-420B-9E2D-67EED8B6D16E}.Release|Any CPU.Build.0 = Release|Any CPU
		{CB846605-02BF-420B-9E2D-67EED8B6D16E}.Release|x64.ActiveCfg = Release|Any CPU
		{CB846605-02BF-420B-9E2D-67EED8B6D16E}.Release|x64.Build.0 = Release|Any CPU
		{CB846605-02BF-420B-9E2D-67EED8B6D16E}.Release|x86.ActiveCfg = Release|Any CPU
		{CB846605-02BF-420B-9E2D-67EED8B6D16E}.Release|x86.Build.0 = Release|Any CPU
	EndGlobalSection
	GlobalSection(SolutionProperties) = preSolution
		HideSolutionNode = FALSE
	EndGlobalSection
	GlobalSection(NestedProjects) = preSolution
		{04B6D081-6952-4F0D-8402-DF169E0DFB51} = {A8924DB9-BBF0-41E2-859A-550445AF2BF3}
		{C5FB61C4-D909-409F-8C88-256D6085EDB1} = {36832E02-F5E9-47A8-B67E-51F0D068E44A}
		{C829C412-EE18-452A-BDF8-5D06C210266E} = {C3AEE8A0-4FB0-4ABC-B546-33CFF7B9155B}
		{DCF35186-69B9-4F65-9428-A915547EDAAA} = {C829C412-EE18-452A-BDF8-5D06C210266E}
		{1590295E-2AA4-4066-9D4F-7018A01FFA30} = {C3AEE8A0-4FB0-4ABC-B546-33CFF7B9155B}
		{323A5AA7-F7EB-4990-9B0E-540D75837716} = {DCF35186-69B9-4F65-9428-A915547EDAAA}
		{AB0386B7-A989-4D8E-997B-ACA7A3C03170} = {479D24D1-9321-4886-A3DC-25B697ACF871}
		{67364CDD-4019-4EA7-8937-195251DB1078} = {479D24D1-9321-4886-A3DC-25B697ACF871}
		{1819DAC5-C6D6-40B2-A5D5-57B6D2B4A71D} = {479D24D1-9321-4886-A3DC-25B697ACF871}
		{C9528237-14C3-4D79-8397-7D25CDFFE25C} = {C3AEE8A0-4FB0-4ABC-B546-33CFF7B9155B}
		{BE9A979B-E198-4E08-AE34-F41FD5256655} = {C9528237-14C3-4D79-8397-7D25CDFFE25C}
		{0111543B-E5DB-441D-BCF5-52E470E587B1} = {C829C412-EE18-452A-BDF8-5D06C210266E}
		{2EEFD039-02A7-4DC4-940E-58B76074EB88} = {0111543B-E5DB-441D-BCF5-52E470E587B1}
		{A8924DB9-BBF0-41E2-859A-550445AF2BF3} = {1590295E-2AA4-4066-9D4F-7018A01FFA30}
		{36832E02-F5E9-47A8-B67E-51F0D068E44A} = {A8924DB9-BBF0-41E2-859A-550445AF2BF3}
		{921FDDE8-85C6-4AB4-8757-2345FA18AD59} = {BE9A979B-E198-4E08-AE34-F41FD5256655}
		{5D49F2EA-7A48-4D68-BADC-A40414FF7FD7} = {2B3A8D65-5461-46D9-B7CC-8E9490DC5CCC}
		{6AD6D300-81FB-4671-A14A-222B9E361A81} = {BE9A979B-E198-4E08-AE34-F41FD5256655}
		{25AA4403-ED03-4FA5-B70B-1A078E635381} = {6AD6D300-81FB-4671-A14A-222B9E361A81}
		{3952CE3B-CACC-42B5-860A-BAD88678D88A} = {C9528237-14C3-4D79-8397-7D25CDFFE25C}
		{7C0B3545-F39B-40A5-B957-829ADB323E81} = {3952CE3B-CACC-42B5-860A-BAD88678D88A}
		{D88137B8-B5A0-46D5-AB75-B047E71A65CC} = {3952CE3B-CACC-42B5-860A-BAD88678D88A}
		{61735C11-B5C4-4530-B917-5F15200281AF} = {D88137B8-B5A0-46D5-AB75-B047E71A65CC}
		{750C1273-E74E-4BA1-AE2B-88B9EA1F6C08} = {C3AEE8A0-4FB0-4ABC-B546-33CFF7B9155B}
		{6152F74A-5D03-461E-87A0-05B2CD86B158} = {750C1273-E74E-4BA1-AE2B-88B9EA1F6C08}
		{708CE887-0229-407B-A64E-9130C64D18E6} = {6152F74A-5D03-461E-87A0-05B2CD86B158}
		{CDC27552-2A35-4885-B458-868AA8F3DEC1} = {6152F74A-5D03-461E-87A0-05B2CD86B158}
		{530F1719-BE6A-428B-89C5-311E4A1AC11F} = {708CE887-0229-407B-A64E-9130C64D18E6}
		{48DB8749-462F-469F-AA70-55CC157146FF} = {C829C412-EE18-452A-BDF8-5D06C210266E}
		{C4730F40-64B6-49FC-A425-1582EF62D91D} = {48DB8749-462F-469F-AA70-55CC157146FF}
		{6FC3E203-9513-4F12-9966-B41F31A6396E} = {479D24D1-9321-4886-A3DC-25B697ACF871}
		{3283F536-2A93-4A94-BC02-4B646D0E88B5} = {1590295E-2AA4-4066-9D4F-7018A01FFA30}
		{FF1711DB-473D-4FD5-83C6-1759122BFC20} = {750C1273-E74E-4BA1-AE2B-88B9EA1F6C08}
		{D8D29E13-AB78-4A41-AC83-227B7D0622C3} = {FF1711DB-473D-4FD5-83C6-1759122BFC20}
		{D8E4ADB4-6559-49D6-A8B8-F06954CD02D2} = {FF1711DB-473D-4FD5-83C6-1759122BFC20}
		{3B53484E-E9F7-41DC-BF90-D93389D4E2EA} = {750C1273-E74E-4BA1-AE2B-88B9EA1F6C08}
		{8BE94E16-F9BA-4243-94CC-35632FF291B0} = {750C1273-E74E-4BA1-AE2B-88B9EA1F6C08}
		{E149EF5F-37E3-4B45-B0B3-9DD289DFF62A} = {D8E4ADB4-6559-49D6-A8B8-F06954CD02D2}
		{7A842798-5E19-4A42-BFBE-2A515AC0F915} = {D8E4ADB4-6559-49D6-A8B8-F06954CD02D2}
		{CB846605-02BF-420B-9E2D-67EED8B6D16E} = {3283F536-2A93-4A94-BC02-4B646D0E88B5}
	EndGlobalSection
	GlobalSection(ExtensibilityGlobals) = postSolution
		SolutionGuid = {F2D5ECD2-3BFF-4757-85DF-DA4D75D9684D}
	EndGlobalSection
EndGlobal
